<?xml version="1.0" encoding="utf-8"?>
<Project ToolsVersion="4.0" xmlns="http://schemas.microsoft.com/developer/msbuild/2003">
  <ItemGroup>
    <Filter Include="소스 파일">
      <UniqueIdentifier>{4FC737F1-C7A5-4376-A066-2A32D752A2FF}</UniqueIdentifier>
      <Extensions>cpp;c;cc;cxx;c++;cppm;ixx;def;odl;idl;hpj;bat;asm;asmx</Extensions>
    </Filter>
    <Filter Include="헤더 파일">
      <UniqueIdentifier>{93995380-89BD-4b04-88EB-625FBE52EBFB}</UniqueIdentifier>
      <Extensions>h;hh;hpp;hxx;h++;hm;inl;inc;ipp;xsd</Extensions>
    </Filter>
    <Filter Include="리소스 파일">
      <UniqueIdentifier>{67DA6AB6-F800-4c08-8B7A-83BB121AAD01}</UniqueIdentifier>
      <Extensions>rc;ico;cur;bmp;dlg;rc2;rct;bin;rgs;gif;jpg;jpeg;jpe;resx;tiff;tif;png;wav;mfcribbon-ms</Extensions>
    </Filter>
    <Filter Include="소스 파일\C++">
      <UniqueIdentifier>{e4a3511e-2e17-4c6d-82e7-cdb766df10df}</UniqueIdentifier>
    </Filter>
    <Filter Include="소스 파일\C++\Programmers">
      <UniqueIdentifier>{b988a25b-ed17-44f7-a66a-07354d18fe20}</UniqueIdentifier>
    </Filter>
    <Filter Include="소스 파일\C++\Programmers\Level1">
      <UniqueIdentifier>{c0304dc5-e78b-4b98-869d-a9a244bce3a3}</UniqueIdentifier>
    </Filter>
    <Filter Include="소스 파일\C++\Programmers\Level2">
      <UniqueIdentifier>{01672d78-450d-43ad-bed8-d608d16bd3f8}</UniqueIdentifier>
    </Filter>
    <Filter Include="소스 파일\C++\Baekjoon">
      <UniqueIdentifier>{b2995fd0-f6ee-47dd-9982-148a9245a688}</UniqueIdentifier>
    </Filter>
  </ItemGroup>
  <ItemGroup>
    <ClCompile Include="12901.cpp">
      <Filter>소스 파일\C++\Programmers\Level1</Filter>
    </ClCompile>
    <ClCompile Include="12903.cpp">
      <Filter>소스 파일\C++\Programmers\Level1</Filter>
    </ClCompile>
    <ClCompile Include="12906.cpp">
      <Filter>소스 파일\C++\Programmers\Level1</Filter>
    </ClCompile>
    <ClCompile Include="12910.cpp">
      <Filter>소스 파일\C++\Programmers\Level1</Filter>
    </ClCompile>
    <ClCompile Include="12912.cpp">
      <Filter>소스 파일\C++\Programmers\Level1</Filter>
    </ClCompile>
    <ClCompile Include="12915.cpp">
      <Filter>소스 파일\C++\Programmers\Level1</Filter>
    </ClCompile>
    <ClCompile Include="12916.cpp">
      <Filter>소스 파일\C++\Programmers\Level1</Filter>
    </ClCompile>
    <ClCompile Include="12917.cpp">
      <Filter>소스 파일\C++\Programmers\Level1</Filter>
    </ClCompile>
    <ClCompile Include="12918.cpp">
      <Filter>소스 파일\C++\Programmers\Level1</Filter>
    </ClCompile>
    <ClCompile Include="12919.cpp">
      <Filter>소스 파일\C++\Programmers\Level1</Filter>
    </ClCompile>
    <ClCompile Include="12921.cpp">
      <Filter>소스 파일\C++\Programmers\Level1</Filter>
    </ClCompile>
    <ClCompile Include="12922.cpp">
      <Filter>소스 파일\C++\Programmers\Level1</Filter>
    </ClCompile>
    <ClCompile Include="12925.cpp">
      <Filter>소스 파일\C++\Programmers\Level1</Filter>
    </ClCompile>
    <ClCompile Include="12926.cpp">
      <Filter>소스 파일\C++\Programmers\Level1</Filter>
    </ClCompile>
    <ClCompile Include="12928.cpp">
      <Filter>소스 파일\C++\Programmers\Level1</Filter>
    </ClCompile>
    <ClCompile Include="12930.cpp">
      <Filter>소스 파일\C++\Programmers\Level1</Filter>
    </ClCompile>
    <ClCompile Include="12931.cpp">
      <Filter>소스 파일\C++\Programmers\Level1</Filter>
    </ClCompile>
    <ClCompile Include="12932.cpp">
      <Filter>소스 파일\C++\Programmers\Level1</Filter>
    </ClCompile>
    <ClCompile Include="12933.cpp">
      <Filter>소스 파일\C++\Programmers\Level1</Filter>
    </ClCompile>
    <ClCompile Include="12934.cpp">
      <Filter>소스 파일\C++\Programmers\Level1</Filter>
    </ClCompile>
    <ClCompile Include="12935.cpp">
      <Filter>소스 파일\C++\Programmers\Level1</Filter>
    </ClCompile>
    <ClCompile Include="12937.cpp">
      <Filter>소스 파일\C++\Programmers\Level1</Filter>
    </ClCompile>
    <ClCompile Include="12940.cpp">
      <Filter>소스 파일\C++\Programmers\Level1</Filter>
    </ClCompile>
    <ClCompile Include="12943.cpp">
      <Filter>소스 파일\C++\Programmers\Level1</Filter>
    </ClCompile>
    <ClCompile Include="12944.cpp">
      <Filter>소스 파일\C++\Programmers\Level1</Filter>
    </ClCompile>
    <ClCompile Include="12947.cpp">
      <Filter>소스 파일\C++\Programmers\Level1</Filter>
    </ClCompile>
    <ClCompile Include="12948.cpp">
      <Filter>소스 파일\C++\Programmers\Level1</Filter>
    </ClCompile>
    <ClCompile Include="12950.cpp">
      <Filter>소스 파일\C++\Programmers\Level1</Filter>
    </ClCompile>
    <ClCompile Include="12954.cpp">
      <Filter>소스 파일\C++\Programmers\Level1</Filter>
    </ClCompile>
    <ClCompile Include="12982.cpp">
      <Filter>소스 파일\C++\Programmers\Level1</Filter>
    </ClCompile>
    <ClCompile Include="17682%28not done%29.cpp">
      <Filter>소스 파일\C++\Programmers\Level1</Filter>
    </ClCompile>
    <ClCompile Include="68644.cpp">
      <Filter>소스 파일\C++\Programmers\Level1</Filter>
    </ClCompile>
    <ClCompile Include="68935.cpp">
      <Filter>소스 파일\C++\Programmers\Level1</Filter>
    </ClCompile>
    <ClCompile Include="77884.cpp">
      <Filter>소스 파일\C++\Programmers\Level1</Filter>
    </ClCompile>
    <ClCompile Include="82612.cpp">
      <Filter>소스 파일\C++\Programmers\Level1</Filter>
    </ClCompile>
    <ClCompile Include="86491.cpp">
      <Filter>소스 파일\C++\Programmers\Level1</Filter>
    </ClCompile>
    <ClCompile Include="87389.cpp">
      <Filter>소스 파일\C++\Programmers\Level1</Filter>
    </ClCompile>
    <ClCompile Include="42586.cpp">
      <Filter>소스 파일\C++\Programmers\Level2</Filter>
    </ClCompile>
    <ClCompile Include="42840.cpp">
      <Filter>소스 파일\C++\Programmers\Level1</Filter>
    </ClCompile>
    <ClCompile Include="81301.cpp">
      <Filter>소스 파일\C++\Programmers\Level1</Filter>
    </ClCompile>
    <ClCompile Include="72410.cpp">
      <Filter>소스 파일\C++\Programmers\Level1</Filter>
    </ClCompile>
    <ClCompile Include="12909.cpp">
      <Filter>소스 파일\C++\Programmers\Level2</Filter>
    </ClCompile>
    <ClCompile Include="12951.cpp">
      <Filter>소스 파일\C++\Programmers\Level2</Filter>
    </ClCompile>
    <ClCompile Include="67256.cpp">
      <Filter>소스 파일\C++\Programmers\Level1</Filter>
    </ClCompile>
    <ClCompile Include="42888%28not done%29.cpp">
      <Filter>소스 파일\C++\Programmers\Level2</Filter>
    </ClCompile>
    <ClCompile Include="77484.cpp">
      <Filter>소스 파일\C++\Programmers\Level1</Filter>
    </ClCompile>
    <ClCompile Include="76501.cpp">
      <Filter>소스 파일\C++\Programmers\Level1</Filter>
    </ClCompile>
    <ClCompile Include="86051.cpp">
      <Filter>소스 파일\C++\Programmers\Level1</Filter>
    </ClCompile>
    <ClCompile Include="42748.cpp">
      <Filter>소스 파일\C++\Programmers\Level1</Filter>
    </ClCompile>
    <ClCompile Include="2178.cpp">
      <Filter>소스 파일\C++\Baekjoon</Filter>
    </ClCompile>
    <ClCompile Include="70128.cpp">
      <Filter>소스 파일\C++\Programmers\Level1</Filter>
    </ClCompile>
    <ClCompile Include="42576.cpp">
      <Filter>소스 파일\C++\Programmers\Level1</Filter>
    </ClCompile>
    <ClCompile Include="76502.cpp">
      <Filter>소스 파일\C++\Programmers\Level2</Filter>
    </ClCompile>
    <ClCompile Include="1012.cpp">
      <Filter>소스 파일\C++\Baekjoon</Filter>
    </ClCompile>
    <ClCompile Include="5532.cpp">
      <Filter>소스 파일\C++\Baekjoon</Filter>
    </ClCompile>
    <ClCompile Include="12914.cpp">
      <Filter>소스 파일\C++\Programmers\Level2</Filter>
    </ClCompile>
    <ClCompile Include="70129.cpp">
      <Filter>소스 파일\C++\Programmers\Level2</Filter>
    </ClCompile>
    <ClCompile Include="B_11948.cpp">
      <Filter>소스 파일\C++\Baekjoon</Filter>
    </ClCompile>
    <ClCompile Include="B_1264.cpp">
      <Filter>소스 파일\C++\Baekjoon</Filter>
    </ClCompile>
    <ClCompile Include="B_1157.cpp">
      <Filter>소스 파일\C++\Baekjoon</Filter>
    </ClCompile>
  </ItemGroup>
</Project>